
Microsoft Visual Studio Solution File, Format Version 12.00
# Visual Studio Version 17
VisualStudioVersion = 17.11.35327.3
MinimumVisualStudioVersion = 10.0.40219.1
Project("{FAE04EC0-301F-11D3-BF4B-00C04F79EFBC}") = "Padaria", "Padaria\Padaria.csproj", "{774AFE0D-5DC3-43F2-B82B-7EB1A79C8D83}"
EndProject
Project("{FAE04EC0-301F-11D3-BF4B-00C04F79EFBC}") = "Folha de Pagamento", "Folha de Pagamento\Folha de Pagamento.csproj", "{0D47EBF3-D739-41A8-B94F-7D1FE4497C95}"
EndProject
Global
	GlobalSection(SolutionConfigurationPlatforms) = preSolution
		Debug|Any CPU = Debug|Any CPU
		Release|Any CPU = Release|Any CPU
	EndGlobalSection
	GlobalSection(ProjectConfigurationPlatforms) = postSolution
		{774AFE0D-5DC3-43F2-B82B-7EB1A79C8D83}.Debug|Any CPU.ActiveCfg = Debug|Any CPU
		{774AFE0D-5DC3-43F2-B82B-7EB1A79C8D83}.Debug|Any CPU.Build.0 = Debug|Any CPU
		{774AFE0D-5DC3-43F2-B82B-7EB1A79C8D83}.Release|Any CPU.ActiveCfg = Release|Any CPU
		{774AFE0D-5DC3-43F2-B82B-7EB1A79C8D83}.Release|Any CPU.Build.0 = Release|Any CPU
		{0D47EBF3-D739-41A8-B94F-7D1FE4497C95}.Debug|Any CPU.ActiveCfg = Debug|Any CPU
		{0D47EBF3-D739-41A8-B94F-7D1FE4497C95}.Debug|Any CPU.Build.0 = Debug|Any CPU
		{0D47EBF3-D739-41A8-B94F-7D1FE4497C95}.Release|Any CPU.ActiveCfg = Release|Any CPU
		{0D47EBF3-D739-41A8-B94F-7D1FE4497C95}.Release|Any CPU.Build.0 = Release|Any CPU
	EndGlobalSection
	GlobalSection(SolutionProperties) = preSolution
		HideSolutionNode = FALSE
	EndGlobalSection
	GlobalSection(ExtensibilityGlobals) = postSolution
		SolutionGuid = {245015C9-CD4A-412C-B98C-A7BD7F7A53AB}
	EndGlobalSection
EndGlobal
